
Microsoft Visual Studio Solution File, Format Version 12.00
# Visual Studio Version 17
VisualStudioVersion = 17.13.35919.96 d17.13
MinimumVisualStudioVersion = 10.0.40219.1
Project("{FAE04EC0-301F-11D3-BF4B-00C04F79EFBC}") = "Sistema", "Sistema.csproj", "{982B3465-DF6B-443A-A7CB-BC029B48D7B9}"
EndProject
Global
	GlobalSection(SolutionConfigurationPlatforms) = preSolution
		Debug|Any CPU = Debug|Any CPU
		Release|Any CPU = Release|Any CPU
	EndGlobalSection
	GlobalSection(ProjectConfigurationPlatforms) = postSolution
		{982B3465-DF6B-443A-A7CB-BC029B48D7B9}.Debug|Any CPU.ActiveCfg = Debug|Any CPU
		{982B3465-DF6B-443A-A7CB-BC029B48D7B9}.Debug|Any CPU.Build.0 = Debug|Any CPU
		{982B3465-DF6B-443A-A7CB-BC029B48D7B9}.Release|Any CPU.ActiveCfg = Release|Any CPU
		{982B3465-DF6B-443A-A7CB-BC029B48D7B9}.Release|Any CPU.Build.0 = Release|Any CPU
	EndGlobalSection
	GlobalSection(SolutionProperties) = preSolution
		HideSolutionNode = FALSE
	EndGlobalSection
	GlobalSection(ExtensibilityGlobals) = postSolution
		SolutionGuid = {C408EC0A-AB22-4029-9AF5-1C7BBC7D995F}
	EndGlobalSection
EndGlobal
